
Microsoft Visual Studio Solution File, Format Version 12.00
# Visual Studio Version 16
VisualStudioVersion = 16.0.30907.101
MinimumVisualStudioVersion = 10.0.40219.1
Project("{FAE04EC0-301F-11D3-BF4B-00C04F79EFBC}") = "BadmintonCourtBookingSystem", "CoachModule\BadmintonCourtBookingSystem.csproj", "{BB9016A9-B8F1-4F6C-B40A-CCA42D058BE2}"
EndProject
Global
	GlobalSection(SolutionConfigurationPlatforms) = preSolution
		Debug|ARM = Debug|ARM
		Debug|ARM64 = Debug|ARM64
		Debug|x64 = Debug|x64
		Debug|x86 = Debug|x86
		Release|ARM = Release|ARM
		Release|ARM64 = Release|ARM64
		Release|x64 = Release|x64
		Release|x86 = Release|x86
	EndGlobalSection
	GlobalSection(ProjectConfigurationPlatforms) = postSolution
		{BB9016A9-B8F1-4F6C-B40A-CCA42D058BE2}.Debug|ARM.ActiveCfg = Debug|ARM
		{BB9016A9-B8F1-4F6C-B40A-CCA42D058BE2}.Debug|ARM.Build.0 = Debug|ARM
		{BB9016A9-B8F1-4F6C-B40A-CCA42D058BE2}.Debug|ARM.Deploy.0 = Debug|ARM
		{BB9016A9-B8F1-4F6C-B40A-CCA42D058BE2}.Debug|ARM64.ActiveCfg = Debug|ARM64
		{BB9016A9-B8F1-4F6C-B40A-CCA42D058BE2}.Debug|ARM64.Build.0 = Debug|ARM64
		{BB9016A9-B8F1-4F6C-B40A-CCA42D058BE2}.Debug|ARM64.Deploy.0 = Debug|ARM64
		{BB9016A9-B8F1-4F6C-B40A-CCA42D058BE2}.Debug|x64.ActiveCfg = Debug|x64
		{BB9016A9-B8F1-4F6C-B40A-CCA42D058BE2}.Debug|x64.Build.0 = Debug|x64
		{BB9016A9-B8F1-4F6C-B40A-CCA42D058BE2}.Debug|x64.Deploy.0 = Debug|x64
		{BB9016A9-B8F1-4F6C-B40A-CCA42D058BE2}.Debug|x86.ActiveCfg = Debug|x86
		{BB9016A9-B8F1-4F6C-B40A-CCA42D058BE2}.Debug|x86.Build.0 = Debug|x86
		{BB9016A9-B8F1-4F6C-B40A-CCA42D058BE2}.Debug|x86.Deploy.0 = Debug|x86
		{BB9016A9-B8F1-4F6C-B40A-CCA42D058BE2}.Release|ARM.ActiveCfg = Release|ARM
		{BB9016A9-B8F1-4F6C-B40A-CCA42D058BE2}.Release|ARM.Build.0 = Release|ARM
		{BB9016A9-B8F1-4F6C-B40A-CCA42D058BE2}.Release|ARM.Deploy.0 = Release|ARM
		{BB9016A9-B8F1-4F6C-B40A-CCA42D058BE2}.Release|ARM64.ActiveCfg = Release|ARM64
		{BB9016A9-B8F1-4F6C-B40A-CCA42D058BE2}.Release|ARM64.Build.0 = Release|ARM64
		{BB9016A9-B8F1-4F6C-B40A-CCA42D058BE2}.Release|ARM64.Deploy.0 = Release|ARM64
		{BB9016A9-B8F1-4F6C-B40A-CCA42D058BE2}.Release|x64.ActiveCfg = Release|x64
		{BB9016A9-B8F1-4F6C-B40A-CCA42D058BE2}.Release|x64.Build.0 = Release|x64
		{BB9016A9-B8F1-4F6C-B40A-CCA42D058BE2}.Release|x64.Deploy.0 = Release|x64
		{BB9016A9-B8F1-4F6C-B40A-CCA42D058BE2}.Release|x86.ActiveCfg = Release|x86
		{BB9016A9-B8F1-4F6C-B40A-CCA42D058BE2}.Release|x86.Build.0 = Release|x86
		{BB9016A9-B8F1-4F6C-B40A-CCA42D058BE2}.Release|x86.Deploy.0 = Release|x86
	EndGlobalSection
	GlobalSection(SolutionProperties) = preSolution
		HideSolutionNode = FALSE
	EndGlobalSection
	GlobalSection(ExtensibilityGlobals) = postSolution
		SolutionGuid = {49927904-A2A1-47B5-AFA2-065BE7059195}
	EndGlobalSection
EndGlobal
